// !$*UTF8*$!
{
	archiveVersion = 1;
	classes = {
	};
	objectVersion = 56;
	objects = {

/* Begin PBXBuildFile section */
		9B48556A2A31E30200A794AB /* AppDelegate.swift in Sources */ = {isa = PBXBuildFile; fileRef = 9B4855692A31E30200A794AB /* AppDelegate.swift */; };
		9B48556C2A31E30200A794AB /* SceneDelegate.swift in Sources */ = {isa = PBXBuildFile; fileRef = 9B48556B2A31E30200A794AB /* SceneDelegate.swift */; };
		9B4855732A31E30300A794AB /* Assets.xcassets in Resources */ = {isa = PBXBuildFile; fileRef = 9B4855722A31E30300A794AB /* Assets.xcassets */; };
		9B4855892A31E65100A794AB /* NetworkError.swift in Sources */ = {isa = PBXBuildFile; fileRef = 9B4855882A31E65100A794AB /* NetworkError.swift */; };
		9B48558B2A31E6EF00A794AB /* NetworkService.swift in Sources */ = {isa = PBXBuildFile; fileRef = 9B48558A2A31E6EF00A794AB /* NetworkService.swift */; };
		9B48558D2A31ED8F00A794AB /* CommentNetworkService.swift in Sources */ = {isa = PBXBuildFile; fileRef = 9B48558C2A31ED8F00A794AB /* CommentNetworkService.swift */; };
		9B4855902A31F01300A794AB /* GetCommentResponce.swift in Sources */ = {isa = PBXBuildFile; fileRef = 9B48558F2A31F01300A794AB /* GetCommentResponce.swift */; };
		9B4855922A31F06B00A794AB /* Comment.swift in Sources */ = {isa = PBXBuildFile; fileRef = 9B4855912A31F06B00A794AB /* Comment.swift */; };
		9B4855942A31F91300A794AB /* CommentCell.swift in Sources */ = {isa = PBXBuildFile; fileRef = 9B4855932A31F91300A794AB /* CommentCell.swift */; };
		9B4855962A31FA5400A794AB /* CommentsViewController.swift in Sources */ = {isa = PBXBuildFile; fileRef = 9B4855952A31FA5400A794AB /* CommentsViewController.swift */; };
/* End PBXBuildFile section */

/* Begin PBXFileReference section */
		9B4855662A31E30200A794AB /* MVC-N.app */ = {isa = PBXFileReference; explicitFileType = wrapper.application; includeInIndex = 0; path = "MVC-N.app"; sourceTree = BUILT_PRODUCTS_DIR; };
		9B4855692A31E30200A794AB /* AppDelegate.swift */ = {isa = PBXFileReference; lastKnownFileType = sourcecode.swift; path = AppDelegate.swift; sourceTree = "<group>"; };
		9B48556B2A31E30200A794AB /* SceneDelegate.swift */ = {isa = PBXFileReference; lastKnownFileType = sourcecode.swift; path = SceneDelegate.swift; sourceTree = "<group>"; };
		9B4855722A31E30300A794AB /* Assets.xcassets */ = {isa = PBXFileReference; lastKnownFileType = folder.assetcatalog; path = Assets.xcassets; sourceTree = "<group>"; };
		9B4855772A31E30300A794AB /* Info.plist */ = {isa = PBXFileReference; lastKnownFileType = text.plist.xml; path = Info.plist; sourceTree = "<group>"; };
		9B4855882A31E65100A794AB /* NetworkError.swift */ = {isa = PBXFileReference; lastKnownFileType = sourcecode.swift; path = NetworkError.swift; sourceTree = "<group>"; };
		9B48558A2A31E6EF00A794AB /* NetworkService.swift */ = {isa = PBXFileReference; lastKnownFileType = sourcecode.swift; path = NetworkService.swift; sourceTree = "<group>"; };
		9B48558C2A31ED8F00A794AB /* CommentNetworkService.swift */ = {isa = PBXFileReference; lastKnownFileType = sourcecode.swift; path = CommentNetworkService.swift; sourceTree = "<group>"; };
		9B48558F2A31F01300A794AB /* GetCommentResponce.swift */ = {isa = PBXFileReference; lastKnownFileType = sourcecode.swift; path = GetCommentResponce.swift; sourceTree = "<group>"; };
		9B4855912A31F06B00A794AB /* Comment.swift */ = {isa = PBXFileReference; lastKnownFileType = sourcecode.swift; path = Comment.swift; sourceTree = "<group>"; };
		9B4855932A31F91300A794AB /* CommentCell.swift */ = {isa = PBXFileReference; lastKnownFileType = sourcecode.swift; path = CommentCell.swift; sourceTree = "<group>"; };
		9B4855952A31FA5400A794AB /* CommentsViewController.swift */ = {isa = PBXFileReference; lastKnownFileType = sourcecode.swift; path = CommentsViewController.swift; sourceTree = "<group>"; };
/* End PBXFileReference section */

/* Begin PBXFrameworksBuildPhase section */
		9B4855632A31E30200A794AB /* Frameworks */ = {
			isa = PBXFrameworksBuildPhase;
			buildActionMask = 2147483647;
			files = (
			);
			runOnlyForDeploymentPostprocessing = 0;
		};
/* End PBXFrameworksBuildPhase section */

/* Begin PBXGroup section */
		9B48555D2A31E30200A794AB = {
			isa = PBXGroup;
			children = (
				9B4855682A31E30200A794AB /* MVC-N */,
				9B4855672A31E30200A794AB /* Products */,
			);
			sourceTree = "<group>";
		};
		9B4855672A31E30200A794AB /* Products */ = {
			isa = PBXGroup;
			children = (
				9B4855662A31E30200A794AB /* MVC-N.app */,
			);
			name = Products;
			sourceTree = "<group>";
		};
		9B4855682A31E30200A794AB /* MVC-N */ = {
			isa = PBXGroup;
			children = (
				9B48557D2A31E3EF00A794AB /* Application */,
				9B48557E2A31E3FB00A794AB /* Comment */,
				9B48557F2A31E40900A794AB /* SupportingFiles */,
			);
			path = "MVC-N";
			sourceTree = "<group>";
		};
		9B48557D2A31E3EF00A794AB /* Application */ = {
			isa = PBXGroup;
			children = (
				9B4855822A31E4B900A794AB /* Model */,
				9B4855812A31E4AE00A794AB /* View */,
				9B4855802A31E4A600A794AB /* Controller */,
				9B4855862A31E50900A794AB /* NetworkService */,
			);
			path = Application;
			sourceTree = "<group>";
		};
		9B48557E2A31E3FB00A794AB /* Comment */ = {
			isa = PBXGroup;
			children = (
				9B4855852A31E4CB00A794AB /* Model */,
				9B4855842A31E4C600A794AB /* View */,
				9B4855832A31E4BE00A794AB /* Controller */,
				9B4855872A31E52400A794AB /* CommentNetworkService */,
			);
			path = Comment;
			sourceTree = "<group>";
		};
		9B48557F2A31E40900A794AB /* SupportingFiles */ = {
			isa = PBXGroup;
			children = (
				9B4855722A31E30300A794AB /* Assets.xcassets */,
				9B4855772A31E30300A794AB /* Info.plist */,
			);
			path = SupportingFiles;
			sourceTree = "<group>";
		};
		9B4855802A31E4A600A794AB /* Controller */ = {
			isa = PBXGroup;
			children = (
				9B4855692A31E30200A794AB /* AppDelegate.swift */,
				9B48556B2A31E30200A794AB /* SceneDelegate.swift */,
			);
			path = Controller;
			sourceTree = "<group>";
		};
		9B4855812A31E4AE00A794AB /* View */ = {
			isa = PBXGroup;
			children = (
			);
			path = View;
			sourceTree = "<group>";
		};
		9B4855822A31E4B900A794AB /* Model */ = {
			isa = PBXGroup;
			children = (
				9B4855882A31E65100A794AB /* NetworkError.swift */,
			);
			path = Model;
			sourceTree = "<group>";
		};
		9B4855832A31E4BE00A794AB /* Controller */ = {
			isa = PBXGroup;
			children = (
				9B4855952A31FA5400A794AB /* CommentsViewController.swift */,
			);
			path = Controller;
			sourceTree = "<group>";
		};
		9B4855842A31E4C600A794AB /* View */ = {
			isa = PBXGroup;
			children = (
				9B4855932A31F91300A794AB /* CommentCell.swift */,
			);
			path = View;
			sourceTree = "<group>";
		};
		9B4855852A31E4CB00A794AB /* Model */ = {
			isa = PBXGroup;
			children = (
				9B4855912A31F06B00A794AB /* Comment.swift */,
				9B48558E2A31F00000A794AB /* Responce */,
			);
			path = Model;
			sourceTree = "<group>";
		};
		9B4855862A31E50900A794AB /* NetworkService */ = {
			isa = PBXGroup;
			children = (
				9B48558A2A31E6EF00A794AB /* NetworkService.swift */,
			);
			path = NetworkService;
			sourceTree = "<group>";
		};
		9B4855872A31E52400A794AB /* CommentNetworkService */ = {
			isa = PBXGroup;
			children = (
				9B48558C2A31ED8F00A794AB /* CommentNetworkService.swift */,
			);
			path = CommentNetworkService;
			sourceTree = "<group>";
		};
		9B48558E2A31F00000A794AB /* Responce */ = {
			isa = PBXGroup;
			children = (
				9B48558F2A31F01300A794AB /* GetCommentResponce.swift */,
			);
			path = Responce;
			sourceTree = "<group>";
		};
/* End PBXGroup section */

/* Begin PBXNativeTarget section */
		9B4855652A31E30200A794AB /* MVC-N */ = {
			isa = PBXNativeTarget;
			buildConfigurationList = 9B48557A2A31E30300A794AB /* Build configuration list for PBXNativeTarget "MVC-N" */;
			buildPhases = (
				9B4855622A31E30200A794AB /* Sources */,
				9B4855632A31E30200A794AB /* Frameworks */,
				9B4855642A31E30200A794AB /* Resources */,
			);
			buildRules = (
			);
			dependencies = (
			);
			name = "MVC-N";
			productName = "MVC-N";
			productReference = 9B4855662A31E30200A794AB /* MVC-N.app */;
			productType = "com.apple.product-type.application";
		};
/* End PBXNativeTarget section */

/* Begin PBXProject section */
		9B48555E2A31E30200A794AB /* Project object */ = {
			isa = PBXProject;
			attributes = {
				BuildIndependentTargetsInParallel = 1;
				LastSwiftUpdateCheck = 1430;
				LastUpgradeCheck = 1430;
				TargetAttributes = {
					9B4855652A31E30200A794AB = {
						CreatedOnToolsVersion = 14.3;
					};
				};
			};
			buildConfigurationList = 9B4855612A31E30200A794AB /* Build configuration list for PBXProject "MVC-N" */;
			compatibilityVersion = "Xcode 14.0";
			developmentRegion = en;
			hasScannedForEncodings = 0;
			knownRegions = (
				en,
				Base,
			);
			mainGroup = 9B48555D2A31E30200A794AB;
			productRefGroup = 9B4855672A31E30200A794AB /* Products */;
			projectDirPath = "";
			projectRoot = "";
			targets = (
				9B4855652A31E30200A794AB /* MVC-N */,
			);
		};
/* End PBXProject section */

/* Begin PBXResourcesBuildPhase section */
		9B4855642A31E30200A794AB /* Resources */ = {
			isa = PBXResourcesBuildPhase;
			buildActionMask = 2147483647;
			files = (
				9B4855732A31E30300A794AB /* Assets.xcassets in Resources */,
			);
			runOnlyForDeploymentPostprocessing = 0;
		};
/* End PBXResourcesBuildPhase section */

/* Begin PBXSourcesBuildPhase section */
		9B4855622A31E30200A794AB /* Sources */ = {
			isa = PBXSourcesBuildPhase;
			buildActionMask = 2147483647;
			files = (
				9B48558B2A31E6EF00A794AB /* NetworkService.swift in Sources */,
				9B4855902A31F01300A794AB /* GetCommentResponce.swift in Sources */,
				9B4855922A31F06B00A794AB /* Comment.swift in Sources */,
				9B4855892A31E65100A794AB /* NetworkError.swift in Sources */,
				9B4855942A31F91300A794AB /* CommentCell.swift in Sources */,
				9B48556A2A31E30200A794AB /* AppDelegate.swift in Sources */,
				9B48558D2A31ED8F00A794AB /* CommentNetworkService.swift in Sources */,
				9B4855962A31FA5400A794AB /* CommentsViewController.swift in Sources */,
				9B48556C2A31E30200A794AB /* SceneDelegate.swift in Sources */,
			);
			runOnlyForDeploymentPostprocessing = 0;
		};
/* End PBXSourcesBuildPhase section */

/* Begin XCBuildConfiguration section */
		9B4855782A31E30300A794AB /* Debug */ = {
			isa = XCBuildConfiguration;
			buildSettings = {
				ALWAYS_SEARCH_USER_PATHS = NO;
				CLANG_ANALYZER_NONNULL = YES;
				CLANG_ANALYZER_NUMBER_OBJECT_CONVERSION = YES_AGGRESSIVE;
				CLANG_CXX_LANGUAGE_STANDARD = "gnu++20";
				CLANG_ENABLE_MODULES = YES;
				CLANG_ENABLE_OBJC_ARC = YES;
				CLANG_ENABLE_OBJC_WEAK = YES;
				CLANG_WARN_BLOCK_CAPTURE_AUTORELEASING = YES;
				CLANG_WARN_BOOL_CONVERSION = YES;
				CLANG_WARN_COMMA = YES;
				CLANG_WARN_CONSTANT_CONVERSION = YES;
				CLANG_WARN_DEPRECATED_OBJC_IMPLEMENTATIONS = YES;
				CLANG_WARN_DIRECT_OBJC_ISA_USAGE = YES_ERROR;
				CLANG_WARN_DOCUMENTATION_COMMENTS = YES;
				CLANG_WARN_EMPTY_BODY = YES;
				CLANG_WARN_ENUM_CONVERSION = YES;
				CLANG_WARN_INFINITE_RECURSION = YES;
				CLANG_WARN_INT_CONVERSION = YES;
				CLANG_WARN_NON_LITERAL_NULL_CONVERSION = YES;
				CLANG_WARN_OBJC_IMPLICIT_RETAIN_SELF = YES;
				CLANG_WARN_OBJC_LITERAL_CONVERSION = YES;
				CLANG_WARN_OBJC_ROOT_CLASS = YES_ERROR;
				CLANG_WARN_QUOTED_INCLUDE_IN_FRAMEWORK_HEADER = YES;
				CLANG_WARN_RANGE_LOOP_ANALYSIS = YES;
				CLANG_WARN_STRICT_PROTOTYPES = YES;
				CLANG_WARN_SUSPICIOUS_MOVE = YES;
				CLANG_WARN_UNGUARDED_AVAILABILITY = YES_AGGRESSIVE;
				CLANG_WARN_UNREACHABLE_CODE = YES;
				CLANG_WARN__DUPLICATE_METHOD_MATCH = YES;
				COPY_PHASE_STRIP = NO;
				DEBUG_INFORMATION_FORMAT = dwarf;
				ENABLE_STRICT_OBJC_MSGSEND = YES;
				ENABLE_TESTABILITY = YES;
				GCC_C_LANGUAGE_STANDARD = gnu11;
				GCC_DYNAMIC_NO_PIC = NO;
				GCC_NO_COMMON_BLOCKS = YES;
				GCC_OPTIMIZATION_LEVEL = 0;
				GCC_PREPROCESSOR_DEFINITIONS = (
					"DEBUG=1",
					"$(inherited)",
				);
				GCC_WARN_64_TO_32_BIT_CONVERSION = YES;
				GCC_WARN_ABOUT_RETURN_TYPE = YES_ERROR;
				GCC_WARN_UNDECLARED_SELECTOR = YES;
				GCC_WARN_UNINITIALIZED_AUTOS = YES_AGGRESSIVE;
				GCC_WARN_UNUSED_FUNCTION = YES;
				GCC_WARN_UNUSED_VARIABLE = YES;
				IPHONEOS_DEPLOYMENT_TARGET = 16.4;
				MTL_ENABLE_DEBUG_INFO = INCLUDE_SOURCE;
				MTL_FAST_MATH = YES;
				ONLY_ACTIVE_ARCH = YES;
				SDKROOT = iphoneos;
				SWIFT_ACTIVE_COMPILATION_CONDITIONS = DEBUG;
				SWIFT_OPTIMIZATION_LEVEL = "-Onone";
			};
			name = Debug;
		};
		9B4855792A31E30300A794AB /* Release */ = {
			isa = XCBuildConfiguration;
			buildSettings = {
				ALWAYS_SEARCH_USER_PATHS = NO;
				CLANG_ANALYZER_NONNULL = YES;
				CLANG_ANALYZER_NUMBER_OBJECT_CONVERSION = YES_AGGRESSIVE;
				CLANG_CXX_LANGUAGE_STANDARD = "gnu++20";
				CLANG_ENABLE_MODULES = YES;
				CLANG_ENABLE_OBJC_ARC = YES;
				CLANG_ENABLE_OBJC_WEAK = YES;
				CLANG_WARN_BLOCK_CAPTURE_AUTORELEASING = YES;
				CLANG_WARN_BOOL_CONVERSION = YES;
				CLANG_WARN_COMMA = YES;
				CLANG_WARN_CONSTANT_CONVERSION = YES;
				CLANG_WARN_DEPRECATED_OBJC_IMPLEMENTATIONS = YES;
				CLANG_WARN_DIRECT_OBJC_ISA_USAGE = YES_ERROR;
				CLANG_WARN_DOCUMENTATION_COMMENTS = YES;
				CLANG_WARN_EMPTY_BODY = YES;
				CLANG_WARN_ENUM_CONVERSION = YES;
				CLANG_WARN_INFINITE_RECURSION = YES;
				CLANG_WARN_INT_CONVERSION = YES;
				CLANG_WARN_NON_LITERAL_NULL_CONVERSION = YES;
				CLANG_WARN_OBJC_IMPLICIT_RETAIN_SELF = YES;
				CLANG_WARN_OBJC_LITERAL_CONVERSION = YES;
				CLANG_WARN_OBJC_ROOT_CLASS = YES_ERROR;
				CLANG_WARN_QUOTED_INCLUDE_IN_FRAMEWORK_HEADER = YES;
				CLANG_WARN_RANGE_LOOP_ANALYSIS = YES;
				CLANG_WARN_STRICT_PROTOTYPES = YES;
				CLANG_WARN_SUSPICIOUS_MOVE = YES;
				CLANG_WARN_UNGUARDED_AVAILABILITY = YES_AGGRESSIVE;
				CLANG_WARN_UNREACHABLE_CODE = YES;
				CLANG_WARN__DUPLICATE_METHOD_MATCH = YES;
				COPY_PHASE_STRIP = NO;
				DEBUG_INFORMATION_FORMAT = "dwarf-with-dsym";
				ENABLE_NS_ASSERTIONS = NO;
				ENABLE_STRICT_OBJC_MSGSEND = YES;
				GCC_C_LANGUAGE_STANDARD = gnu11;
				GCC_NO_COMMON_BLOCKS = YES;
				GCC_WARN_64_TO_32_BIT_CONVERSION = YES;
				GCC_WARN_ABOUT_RETURN_TYPE = YES_ERROR;
				GCC_WARN_UNDECLARED_SELECTOR = YES;
				GCC_WARN_UNINITIALIZED_AUTOS = YES_AGGRESSIVE;
				GCC_WARN_UNUSED_FUNCTION = YES;
				GCC_WARN_UNUSED_VARIABLE = YES;
				IPHONEOS_DEPLOYMENT_TARGET = 16.4;
				MTL_ENABLE_DEBUG_INFO = NO;
				MTL_FAST_MATH = YES;
				SDKROOT = iphoneos;
				SWIFT_COMPILATION_MODE = wholemodule;
				SWIFT_OPTIMIZATION_LEVEL = "-O";
				VALIDATE_PRODUCT = YES;
			};
			name = Release;
		};
		9B48557B2A31E30300A794AB /* Debug */ = {
			isa = XCBuildConfiguration;
			buildSettings = {
				ASSETCATALOG_COMPILER_APPICON_NAME = AppIcon;
				ASSETCATALOG_COMPILER_GLOBAL_ACCENT_COLOR_NAME = AccentColor;
				CODE_SIGN_STYLE = Automatic;
				CURRENT_PROJECT_VERSION = 1;
				DEVELOPMENT_TEAM = GX86CHN34S;
				GENERATE_INFOPLIST_FILE = YES;
				INFOPLIST_FILE = "MVC-N/SupportingFiles/Info.plist";
				INFOPLIST_KEY_UIApplicationSupportsIndirectInputEvents = YES;
				INFOPLIST_KEY_UILaunchStoryboardName = LaunchScreen;
				INFOPLIST_KEY_UISupportedInterfaceOrientations_iPad = "UIInterfaceOrientationPortrait UIInterfaceOrientationPortraitUpsideDown UIInterfaceOrientationLandscapeLeft UIInterfaceOrientationLandscapeRight";
				INFOPLIST_KEY_UISupportedInterfaceOrientations_iPhone = "UIInterfaceOrientationPortrait UIInterfaceOrientationLandscapeLeft UIInterfaceOrientationLandscapeRight";
				IPHONEOS_DEPLOYMENT_TARGET = 15.0;
				LD_RUNPATH_SEARCH_PATHS = (
					"$(inherited)",
					"@executable_path/Frameworks",
				);
				MARKETING_VERSION = 1.0;
				PRODUCT_BUNDLE_IDENTIFIER = "Kutasov-Evgenii.MVC-N";
				PRODUCT_NAME = "$(TARGET_NAME)";
				SWIFT_EMIT_LOC_STRINGS = YES;
				SWIFT_VERSION = 5.0;
				TARGETED_DEVICE_FAMILY = "1,2";
			};
			name = Debug;
		};
		9B48557C2A31E30300A794AB /* Release */ = {
			isa = XCBuildConfiguration;
			buildSettings = {
				ASSETCATALOG_COMPILER_APPICON_NAME = AppIcon;
				ASSETCATALOG_COMPILER_GLOBAL_ACCENT_COLOR_NAME = AccentColor;
				CODE_SIGN_STYLE = Automatic;
				CURRENT_PROJECT_VERSION = 1;
				DEVELOPMENT_TEAM = GX86CHN34S;
				GENERATE_INFOPLIST_FILE = YES;
				INFOPLIST_FILE = "MVC-N/SupportingFiles/Info.plist";
				INFOPLIST_KEY_UIApplicationSupportsIndirectInputEvents = YES;
				INFOPLIST_KEY_UILaunchStoryboardName = LaunchScreen;
				INFOPLIST_KEY_UISupportedInterfaceOrientations_iPad = "UIInterfaceOrientationPortrait UIInterfaceOrientationPortraitUpsideDown UIInterfaceOrientationLandscapeLeft UIInterfaceOrientationLandscapeRight";
				INFOPLIST_KEY_UISupportedInterfaceOrientations_iPhone = "UIInterfaceOrientationPortrait UIInterfaceOrientationLandscapeLeft UIInterfaceOrientationLandscapeRight";
				IPHONEOS_DEPLOYMENT_TARGET = 15.0;
				LD_RUNPATH_SEARCH_PATHS = (
					"$(inherited)",
					"@executable_path/Frameworks",
				);
				MARKETING_VERSION = 1.0;
				PRODUCT_BUNDLE_IDENTIFIER = "Kutasov-Evgenii.MVC-N";
				PRODUCT_NAME = "$(TARGET_NAME)";
				SWIFT_EMIT_LOC_STRINGS = YES;
				SWIFT_VERSION = 5.0;
				TARGETED_DEVICE_FAMILY = "1,2";
			};
			name = Release;
		};
/* End XCBuildConfiguration section */

/* Begin XCConfigurationList section */
		9B4855612A31E30200A794AB /* Build configuration list for PBXProject "MVC-N" */ = {
			isa = XCConfigurationList;
			buildConfigurations = (
				9B4855782A31E30300A794AB /* Debug */,
				9B4855792A31E30300A794AB /* Release */,
			);
			defaultConfigurationIsVisible = 0;
			defaultConfigurationName = Release;
		};
		9B48557A2A31E30300A794AB /* Build configuration list for PBXNativeTarget "MVC-N" */ = {
			isa = XCConfigurationList;
			buildConfigurations = (
				9B48557B2A31E30300A794AB /* Debug */,
				9B48557C2A31E30300A794AB /* Release */,
			);
			defaultConfigurationIsVisible = 0;
			defaultConfigurationName = Release;
		};
/* End XCConfigurationList section */
	};
	rootObject = 9B48555E2A31E30200A794AB /* Project object */;
}
